// !$*UTF8*$!
{
	archiveVersion = 1;
	classes = {
	};
	objectVersion = 50;
	objects = {

/* Begin PBXBuildFile section */
		D18F6A11238590140042C032 /* data.json in Resources */ = {isa = PBXBuildFile; fileRef = D18F6A10238590140042C032 /* data.json */; };
		D1C51074238A8B4A00504EF4 /* Program+CoreDataClass.swift in Sources */ = {isa = PBXBuildFile; fileRef = D1C51068238A8B4A00504EF4 /* Program+CoreDataClass.swift */; };
		D1C51075238A8B4A00504EF4 /* Program+CoreDataProperties.swift in Sources */ = {isa = PBXBuildFile; fileRef = D1C51069238A8B4A00504EF4 /* Program+CoreDataProperties.swift */; };
		D1C51076238A8B4A00504EF4 /* IntervalTime+CoreDataClass.swift in Sources */ = {isa = PBXBuildFile; fileRef = D1C5106A238A8B4A00504EF4 /* IntervalTime+CoreDataClass.swift */; };
		D1C51077238A8B4A00504EF4 /* IntervalTime+CoreDataProperties.swift in Sources */ = {isa = PBXBuildFile; fileRef = D1C5106B238A8B4A00504EF4 /* IntervalTime+CoreDataProperties.swift */; };
		D1C51078238A8B4A00504EF4 /* Therapy+CoreDataClass.swift in Sources */ = {isa = PBXBuildFile; fileRef = D1C5106C238A8B4A00504EF4 /* Therapy+CoreDataClass.swift */; };
		D1C51079238A8B4A00504EF4 /* Therapy+CoreDataProperties.swift in Sources */ = {isa = PBXBuildFile; fileRef = D1C5106D238A8B4A00504EF4 /* Therapy+CoreDataProperties.swift */; };
		D1C5107A238A8B4A00504EF4 /* Session+CoreDataClass.swift in Sources */ = {isa = PBXBuildFile; fileRef = D1C5106E238A8B4A00504EF4 /* Session+CoreDataClass.swift */; };
		D1C5107B238A8B4A00504EF4 /* Session+CoreDataProperties.swift in Sources */ = {isa = PBXBuildFile; fileRef = D1C5106F238A8B4A00504EF4 /* Session+CoreDataProperties.swift */; };
		D1C5107C238A8B4A00504EF4 /* DailySession+CoreDataClass.swift in Sources */ = {isa = PBXBuildFile; fileRef = D1C51070238A8B4A00504EF4 /* DailySession+CoreDataClass.swift */; };
		D1C5107D238A8B4A00504EF4 /* DailySession+CoreDataProperties.swift in Sources */ = {isa = PBXBuildFile; fileRef = D1C51071238A8B4A00504EF4 /* DailySession+CoreDataProperties.swift */; };
		D1C5107E238A8B4A00504EF4 /* Interval+CoreDataClass.swift in Sources */ = {isa = PBXBuildFile; fileRef = D1C51072238A8B4A00504EF4 /* Interval+CoreDataClass.swift */; };
		D1C5107F238A8B4A00504EF4 /* Interval+CoreDataProperties.swift in Sources */ = {isa = PBXBuildFile; fileRef = D1C51073238A8B4A00504EF4 /* Interval+CoreDataProperties.swift */; };
		D1C51082238A956500504EF4 /* IntervalTime+Decodable.swift in Sources */ = {isa = PBXBuildFile; fileRef = D1C51081238A956500504EF4 /* IntervalTime+Decodable.swift */; };
		D1C51084238A993100504EF4 /* Interval+Decodable.swift in Sources */ = {isa = PBXBuildFile; fileRef = D1C51083238A993100504EF4 /* Interval+Decodable.swift */; };
		D1C51086238A9AC700504EF4 /* DailySession+Decodable.swift in Sources */ = {isa = PBXBuildFile; fileRef = D1C51085238A9AC700504EF4 /* DailySession+Decodable.swift */; };
		D1C51088238A9C0000504EF4 /* Therapy+Decodable.swift in Sources */ = {isa = PBXBuildFile; fileRef = D1C51087238A9C0000504EF4 /* Therapy+Decodable.swift */; };
		D1C5108A238A9C8600504EF4 /* Program+Decodable.swift in Sources */ = {isa = PBXBuildFile; fileRef = D1C51089238A9C8600504EF4 /* Program+Decodable.swift */; };
		D1CA2D6D238C52B400980E8E /* DataPreloader.swift in Sources */ = {isa = PBXBuildFile; fileRef = D1CA2D6C238C52B400980E8E /* DataPreloader.swift */; };
		D1CA2D6F238C543E00980E8E /* Database.swift in Sources */ = {isa = PBXBuildFile; fileRef = D1CA2D6E238C543E00980E8E /* Database.swift */; };
		D1F068542384521000FDC689 /* AppDelegate.swift in Sources */ = {isa = PBXBuildFile; fileRef = D1F068532384521000FDC689 /* AppDelegate.swift */; };
		D1F068562384521000FDC689 /* SceneDelegate.swift in Sources */ = {isa = PBXBuildFile; fileRef = D1F068552384521000FDC689 /* SceneDelegate.swift */; };
		D1F068592384521000FDC689 /* Medolight.xcdatamodeld in Sources */ = {isa = PBXBuildFile; fileRef = D1F068572384521000FDC689 /* Medolight.xcdatamodeld */; };
		D1F0685B2384521000FDC689 /* ContentView.swift in Sources */ = {isa = PBXBuildFile; fileRef = D1F0685A2384521000FDC689 /* ContentView.swift */; };
		D1F0685D2384521100FDC689 /* Assets.xcassets in Resources */ = {isa = PBXBuildFile; fileRef = D1F0685C2384521100FDC689 /* Assets.xcassets */; };
		D1F068602384521100FDC689 /* Preview Assets.xcassets in Resources */ = {isa = PBXBuildFile; fileRef = D1F0685F2384521100FDC689 /* Preview Assets.xcassets */; };
		D1F068632384521200FDC689 /* LaunchScreen.storyboard in Resources */ = {isa = PBXBuildFile; fileRef = D1F068612384521200FDC689 /* LaunchScreen.storyboard */; };
		D1F0686B238452B000FDC689 /* ProgramsView.swift in Sources */ = {isa = PBXBuildFile; fileRef = D1F0686A238452B000FDC689 /* ProgramsView.swift */; };
		D1F0686D238455CC00FDC689 /* ProgramRow.swift in Sources */ = {isa = PBXBuildFile; fileRef = D1F0686C238455CC00FDC689 /* ProgramRow.swift */; };
		D1F0686F2384603600FDC689 /* ProgramDetailsView.swift in Sources */ = {isa = PBXBuildFile; fileRef = D1F0686E2384603600FDC689 /* ProgramDetailsView.swift */; };
		D1F068712384646500FDC689 /* ProgramControlsView.swift in Sources */ = {isa = PBXBuildFile; fileRef = D1F068702384646500FDC689 /* ProgramControlsView.swift */; };
		D1F068732384651500FDC689 /* ProgramDotView.swift in Sources */ = {isa = PBXBuildFile; fileRef = D1F068722384651500FDC689 /* ProgramDotView.swift */; };
/* End PBXBuildFile section */

/* Begin PBXFileReference section */
		D18F6A10238590140042C032 /* data.json */ = {isa = PBXFileReference; lastKnownFileType = text.json; path = data.json; sourceTree = "<group>"; };
		D1C51068238A8B4A00504EF4 /* Program+CoreDataClass.swift */ = {isa = PBXFileReference; lastKnownFileType = sourcecode.swift; path = "Program+CoreDataClass.swift"; sourceTree = "<group>"; };
		D1C51069238A8B4A00504EF4 /* Program+CoreDataProperties.swift */ = {isa = PBXFileReference; lastKnownFileType = sourcecode.swift; path = "Program+CoreDataProperties.swift"; sourceTree = "<group>"; };
		D1C5106A238A8B4A00504EF4 /* IntervalTime+CoreDataClass.swift */ = {isa = PBXFileReference; lastKnownFileType = sourcecode.swift; path = "IntervalTime+CoreDataClass.swift"; sourceTree = "<group>"; };
		D1C5106B238A8B4A00504EF4 /* IntervalTime+CoreDataProperties.swift */ = {isa = PBXFileReference; lastKnownFileType = sourcecode.swift; path = "IntervalTime+CoreDataProperties.swift"; sourceTree = "<group>"; };
		D1C5106C238A8B4A00504EF4 /* Therapy+CoreDataClass.swift */ = {isa = PBXFileReference; lastKnownFileType = sourcecode.swift; path = "Therapy+CoreDataClass.swift"; sourceTree = "<group>"; };
		D1C5106D238A8B4A00504EF4 /* Therapy+CoreDataProperties.swift */ = {isa = PBXFileReference; lastKnownFileType = sourcecode.swift; path = "Therapy+CoreDataProperties.swift"; sourceTree = "<group>"; };
		D1C5106E238A8B4A00504EF4 /* Session+CoreDataClass.swift */ = {isa = PBXFileReference; lastKnownFileType = sourcecode.swift; path = "Session+CoreDataClass.swift"; sourceTree = "<group>"; };
		D1C5106F238A8B4A00504EF4 /* Session+CoreDataProperties.swift */ = {isa = PBXFileReference; lastKnownFileType = sourcecode.swift; path = "Session+CoreDataProperties.swift"; sourceTree = "<group>"; };
		D1C51070238A8B4A00504EF4 /* DailySession+CoreDataClass.swift */ = {isa = PBXFileReference; lastKnownFileType = sourcecode.swift; path = "DailySession+CoreDataClass.swift"; sourceTree = "<group>"; };
		D1C51071238A8B4A00504EF4 /* DailySession+CoreDataProperties.swift */ = {isa = PBXFileReference; lastKnownFileType = sourcecode.swift; path = "DailySession+CoreDataProperties.swift"; sourceTree = "<group>"; };
		D1C51072238A8B4A00504EF4 /* Interval+CoreDataClass.swift */ = {isa = PBXFileReference; lastKnownFileType = sourcecode.swift; path = "Interval+CoreDataClass.swift"; sourceTree = "<group>"; };
		D1C51073238A8B4A00504EF4 /* Interval+CoreDataProperties.swift */ = {isa = PBXFileReference; lastKnownFileType = sourcecode.swift; path = "Interval+CoreDataProperties.swift"; sourceTree = "<group>"; };
		D1C51081238A956500504EF4 /* IntervalTime+Decodable.swift */ = {isa = PBXFileReference; lastKnownFileType = sourcecode.swift; path = "IntervalTime+Decodable.swift"; sourceTree = "<group>"; };
		D1C51083238A993100504EF4 /* Interval+Decodable.swift */ = {isa = PBXFileReference; lastKnownFileType = sourcecode.swift; path = "Interval+Decodable.swift"; sourceTree = "<group>"; };
		D1C51085238A9AC700504EF4 /* DailySession+Decodable.swift */ = {isa = PBXFileReference; lastKnownFileType = sourcecode.swift; path = "DailySession+Decodable.swift"; sourceTree = "<group>"; };
		D1C51087238A9C0000504EF4 /* Therapy+Decodable.swift */ = {isa = PBXFileReference; lastKnownFileType = sourcecode.swift; path = "Therapy+Decodable.swift"; sourceTree = "<group>"; };
		D1C51089238A9C8600504EF4 /* Program+Decodable.swift */ = {isa = PBXFileReference; lastKnownFileType = sourcecode.swift; path = "Program+Decodable.swift"; sourceTree = "<group>"; };
		D1CA2D6C238C52B400980E8E /* DataPreloader.swift */ = {isa = PBXFileReference; lastKnownFileType = sourcecode.swift; path = DataPreloader.swift; sourceTree = "<group>"; };
		D1CA2D6E238C543E00980E8E /* Database.swift */ = {isa = PBXFileReference; lastKnownFileType = sourcecode.swift; path = Database.swift; sourceTree = "<group>"; };
		D1F068502384521000FDC689 /* Medolight.app */ = {isa = PBXFileReference; explicitFileType = wrapper.application; includeInIndex = 0; path = Medolight.app; sourceTree = BUILT_PRODUCTS_DIR; };
		D1F068532384521000FDC689 /* AppDelegate.swift */ = {isa = PBXFileReference; lastKnownFileType = sourcecode.swift; path = AppDelegate.swift; sourceTree = "<group>"; };
		D1F068552384521000FDC689 /* SceneDelegate.swift */ = {isa = PBXFileReference; lastKnownFileType = sourcecode.swift; path = SceneDelegate.swift; sourceTree = "<group>"; };
		D1F068582384521000FDC689 /* Medolight.xcdatamodel */ = {isa = PBXFileReference; lastKnownFileType = wrapper.xcdatamodel; path = Medolight.xcdatamodel; sourceTree = "<group>"; };
		D1F0685A2384521000FDC689 /* ContentView.swift */ = {isa = PBXFileReference; lastKnownFileType = sourcecode.swift; path = ContentView.swift; sourceTree = "<group>"; };
		D1F0685C2384521100FDC689 /* Assets.xcassets */ = {isa = PBXFileReference; lastKnownFileType = folder.assetcatalog; path = Assets.xcassets; sourceTree = "<group>"; };
		D1F0685F2384521100FDC689 /* Preview Assets.xcassets */ = {isa = PBXFileReference; lastKnownFileType = folder.assetcatalog; path = "Preview Assets.xcassets"; sourceTree = "<group>"; };
		D1F068622384521200FDC689 /* Base */ = {isa = PBXFileReference; lastKnownFileType = file.storyboard; name = Base; path = Base.lproj/LaunchScreen.storyboard; sourceTree = "<group>"; };
		D1F068642384521200FDC689 /* Info.plist */ = {isa = PBXFileReference; lastKnownFileType = text.plist.xml; path = Info.plist; sourceTree = "<group>"; };
		D1F0686A238452B000FDC689 /* ProgramsView.swift */ = {isa = PBXFileReference; lastKnownFileType = sourcecode.swift; path = ProgramsView.swift; sourceTree = "<group>"; };
		D1F0686C238455CC00FDC689 /* ProgramRow.swift */ = {isa = PBXFileReference; lastKnownFileType = sourcecode.swift; path = ProgramRow.swift; sourceTree = "<group>"; };
		D1F0686E2384603600FDC689 /* ProgramDetailsView.swift */ = {isa = PBXFileReference; lastKnownFileType = sourcecode.swift; path = ProgramDetailsView.swift; sourceTree = "<group>"; };
		D1F068702384646500FDC689 /* ProgramControlsView.swift */ = {isa = PBXFileReference; lastKnownFileType = sourcecode.swift; path = ProgramControlsView.swift; sourceTree = "<group>"; };
		D1F068722384651500FDC689 /* ProgramDotView.swift */ = {isa = PBXFileReference; lastKnownFileType = sourcecode.swift; path = ProgramDotView.swift; sourceTree = "<group>"; };
/* End PBXFileReference section */

/* Begin PBXFrameworksBuildPhase section */
		D1F0684D2384521000FDC689 /* Frameworks */ = {
			isa = PBXFrameworksBuildPhase;
			buildActionMask = 2147483647;
			files = (
			);
			runOnlyForDeploymentPostprocessing = 0;
		};
/* End PBXFrameworksBuildPhase section */

/* Begin PBXGroup section */
		D1C51067238A889200504EF4 /* Models */ = {
			isa = PBXGroup;
			children = (
				D1C51068238A8B4A00504EF4 /* Program+CoreDataClass.swift */,
				D1C51069238A8B4A00504EF4 /* Program+CoreDataProperties.swift */,
				D1C5106A238A8B4A00504EF4 /* IntervalTime+CoreDataClass.swift */,
				D1C5106B238A8B4A00504EF4 /* IntervalTime+CoreDataProperties.swift */,
				D1C5106C238A8B4A00504EF4 /* Therapy+CoreDataClass.swift */,
				D1C5106D238A8B4A00504EF4 /* Therapy+CoreDataProperties.swift */,
				D1C5106E238A8B4A00504EF4 /* Session+CoreDataClass.swift */,
				D1C5106F238A8B4A00504EF4 /* Session+CoreDataProperties.swift */,
				D1C51070238A8B4A00504EF4 /* DailySession+CoreDataClass.swift */,
				D1C51071238A8B4A00504EF4 /* DailySession+CoreDataProperties.swift */,
				D1C51072238A8B4A00504EF4 /* Interval+CoreDataClass.swift */,
				D1C51073238A8B4A00504EF4 /* Interval+CoreDataProperties.swift */,
			);
			path = Models;
			sourceTree = "<group>";
		};
		D1C51080238A94CA00504EF4 /* Initial Data */ = {
			isa = PBXGroup;
			children = (
				D18F6A10238590140042C032 /* data.json */,
				D1C51081238A956500504EF4 /* IntervalTime+Decodable.swift */,
				D1C51083238A993100504EF4 /* Interval+Decodable.swift */,
				D1C51085238A9AC700504EF4 /* DailySession+Decodable.swift */,
				D1C51087238A9C0000504EF4 /* Therapy+Decodable.swift */,
				D1C51089238A9C8600504EF4 /* Program+Decodable.swift */,
				D1CA2D6C238C52B400980E8E /* DataPreloader.swift */,
			);
			path = "Initial Data";
			sourceTree = "<group>";
		};
		D1F068472384521000FDC689 = {
			isa = PBXGroup;
			children = (
				D1F068522384521000FDC689 /* Medolight */,
				D1F068512384521000FDC689 /* Products */,
			);
			sourceTree = "<group>";
		};
		D1F068512384521000FDC689 /* Products */ = {
			isa = PBXGroup;
			children = (
				D1F068502384521000FDC689 /* Medolight.app */,
			);
			name = Products;
			sourceTree = "<group>";
		};
		D1F068522384521000FDC689 /* Medolight */ = {
			isa = PBXGroup;
			children = (
				D1F068532384521000FDC689 /* AppDelegate.swift */,
				D1F068552384521000FDC689 /* SceneDelegate.swift */,
				D1C51067238A889200504EF4 /* Models */,
				D1C51080238A94CA00504EF4 /* Initial Data */,
				D1CA2D6E238C543E00980E8E /* Database.swift */,
				D1F0685A2384521000FDC689 /* ContentView.swift */,
				D1F0686A238452B000FDC689 /* ProgramsView.swift */,
				D1F0686C238455CC00FDC689 /* ProgramRow.swift */,
				D1F0686E2384603600FDC689 /* ProgramDetailsView.swift */,
				D1F068702384646500FDC689 /* ProgramControlsView.swift */,
				D1F068722384651500FDC689 /* ProgramDotView.swift */,
				D1F0685C2384521100FDC689 /* Assets.xcassets */,
				D1F068612384521200FDC689 /* LaunchScreen.storyboard */,
				D1F068642384521200FDC689 /* Info.plist */,
				D1F068572384521000FDC689 /* Medolight.xcdatamodeld */,
				D1F0685E2384521100FDC689 /* Preview Content */,
			);
			path = Medolight;
			sourceTree = "<group>";
		};
		D1F0685E2384521100FDC689 /* Preview Content */ = {
			isa = PBXGroup;
			children = (
				D1F0685F2384521100FDC689 /* Preview Assets.xcassets */,
			);
			path = "Preview Content";
			sourceTree = "<group>";
		};
/* End PBXGroup section */

/* Begin PBXNativeTarget section */
		D1F0684F2384521000FDC689 /* Medolight */ = {
			isa = PBXNativeTarget;
			buildConfigurationList = D1F068672384521200FDC689 /* Build configuration list for PBXNativeTarget "Medolight" */;
			buildPhases = (
				D1F0684C2384521000FDC689 /* Sources */,
				D1F0684D2384521000FDC689 /* Frameworks */,
				D1F0684E2384521000FDC689 /* Resources */,
			);
			buildRules = (
			);
			dependencies = (
			);
			name = Medolight;
			productName = Medolight;
			productReference = D1F068502384521000FDC689 /* Medolight.app */;
			productType = "com.apple.product-type.application";
		};
/* End PBXNativeTarget section */

/* Begin PBXProject section */
		D1F068482384521000FDC689 /* Project object */ = {
			isa = PBXProject;
			attributes = {
				LastSwiftUpdateCheck = 1120;
				LastUpgradeCheck = 1120;
				ORGANIZATIONNAME = Esobol;
				TargetAttributes = {
					D1F0684F2384521000FDC689 = {
						CreatedOnToolsVersion = 11.2.1;
					};
				};
			};
			buildConfigurationList = D1F0684B2384521000FDC689 /* Build configuration list for PBXProject "Medolight" */;
			compatibilityVersion = "Xcode 9.3";
			developmentRegion = en;
			hasScannedForEncodings = 0;
			knownRegions = (
				en,
				Base,
			);
			mainGroup = D1F068472384521000FDC689;
			productRefGroup = D1F068512384521000FDC689 /* Products */;
			projectDirPath = "";
			projectRoot = "";
			targets = (
				D1F0684F2384521000FDC689 /* Medolight */,
			);
		};
/* End PBXProject section */

/* Begin PBXResourcesBuildPhase section */
		D1F0684E2384521000FDC689 /* Resources */ = {
			isa = PBXResourcesBuildPhase;
			buildActionMask = 2147483647;
			files = (
				D1F068632384521200FDC689 /* LaunchScreen.storyboard in Resources */,
				D1F068602384521100FDC689 /* Preview Assets.xcassets in Resources */,
				D1F0685D2384521100FDC689 /* Assets.xcassets in Resources */,
				D18F6A11238590140042C032 /* data.json in Resources */,
			);
			runOnlyForDeploymentPostprocessing = 0;
		};
/* End PBXResourcesBuildPhase section */

/* Begin PBXSourcesBuildPhase section */
		D1F0684C2384521000FDC689 /* Sources */ = {
			isa = PBXSourcesBuildPhase;
			buildActionMask = 2147483647;
			files = (
				D1C5107F238A8B4A00504EF4 /* Interval+CoreDataProperties.swift in Sources */,
				D1F068542384521000FDC689 /* AppDelegate.swift in Sources */,
				D1F0686D238455CC00FDC689 /* ProgramRow.swift in Sources */,
				D1C51084238A993100504EF4 /* Interval+Decodable.swift in Sources */,
				D1C51086238A9AC700504EF4 /* DailySession+Decodable.swift in Sources */,
				D1C51075238A8B4A00504EF4 /* Program+CoreDataProperties.swift in Sources */,
				D1F068592384521000FDC689 /* Medolight.xcdatamodeld in Sources */,
				D1C5107D238A8B4A00504EF4 /* DailySession+CoreDataProperties.swift in Sources */,
				D1C5108A238A9C8600504EF4 /* Program+Decodable.swift in Sources */,
				D1C51078238A8B4A00504EF4 /* Therapy+CoreDataClass.swift in Sources */,
				D1F068712384646500FDC689 /* ProgramControlsView.swift in Sources */,
				D1C5107C238A8B4A00504EF4 /* DailySession+CoreDataClass.swift in Sources */,
				D1C5107A238A8B4A00504EF4 /* Session+CoreDataClass.swift in Sources */,
				D1C51076238A8B4A00504EF4 /* IntervalTime+CoreDataClass.swift in Sources */,
				D1F0685B2384521000FDC689 /* ContentView.swift in Sources */,
				D1CA2D6D238C52B400980E8E /* DataPreloader.swift in Sources */,
				D1F0686B238452B000FDC689 /* ProgramsView.swift in Sources */,
				D1F068732384651500FDC689 /* ProgramDotView.swift in Sources */,
				D1C51077238A8B4A00504EF4 /* IntervalTime+CoreDataProperties.swift in Sources */,
				D1C51082238A956500504EF4 /* IntervalTime+Decodable.swift in Sources */,
				D1C5107B238A8B4A00504EF4 /* Session+CoreDataProperties.swift in Sources */,
				D1C5107E238A8B4A00504EF4 /* Interval+CoreDataClass.swift in Sources */,
				D1C51088238A9C0000504EF4 /* Therapy+Decodable.swift in Sources */,
				D1F068562384521000FDC689 /* SceneDelegate.swift in Sources */,
				D1F0686F2384603600FDC689 /* ProgramDetailsView.swift in Sources */,
				D1C51079238A8B4A00504EF4 /* Therapy+CoreDataProperties.swift in Sources */,
				D1CA2D6F238C543E00980E8E /* Database.swift in Sources */,
				D1C51074238A8B4A00504EF4 /* Program+CoreDataClass.swift in Sources */,
			);
			runOnlyForDeploymentPostprocessing = 0;
		};
/* End PBXSourcesBuildPhase section */

/* Begin PBXVariantGroup section */
		D1F068612384521200FDC689 /* LaunchScreen.storyboard */ = {
			isa = PBXVariantGroup;
			children = (
				D1F068622384521200FDC689 /* Base */,
			);
			name = LaunchScreen.storyboard;
			sourceTree = "<group>";
		};
/* End PBXVariantGroup section */

/* Begin XCBuildConfiguration section */
		D1F068652384521200FDC689 /* Debug */ = {
			isa = XCBuildConfiguration;
			buildSettings = {
				ALWAYS_SEARCH_USER_PATHS = NO;
				CLANG_ANALYZER_NONNULL = YES;
				CLANG_ANALYZER_NUMBER_OBJECT_CONVERSION = YES_AGGRESSIVE;
				CLANG_CXX_LANGUAGE_STANDARD = "gnu++14";
				CLANG_CXX_LIBRARY = "libc++";
				CLANG_ENABLE_MODULES = YES;
				CLANG_ENABLE_OBJC_ARC = YES;
				CLANG_ENABLE_OBJC_WEAK = YES;
				CLANG_WARN_BLOCK_CAPTURE_AUTORELEASING = YES;
				CLANG_WARN_BOOL_CONVERSION = YES;
				CLANG_WARN_COMMA = YES;
				CLANG_WARN_CONSTANT_CONVERSION = YES;
				CLANG_WARN_DEPRECATED_OBJC_IMPLEMENTATIONS = YES;
				CLANG_WARN_DIRECT_OBJC_ISA_USAGE = YES_ERROR;
				CLANG_WARN_DOCUMENTATION_COMMENTS = YES;
				CLANG_WARN_EMPTY_BODY = YES;
				CLANG_WARN_ENUM_CONVERSION = YES;
				CLANG_WARN_INFINITE_RECURSION = YES;
				CLANG_WARN_INT_CONVERSION = YES;
				CLANG_WARN_NON_LITERAL_NULL_CONVERSION = YES;
				CLANG_WARN_OBJC_IMPLICIT_RETAIN_SELF = YES;
				CLANG_WARN_OBJC_LITERAL_CONVERSION = YES;
				CLANG_WARN_OBJC_ROOT_CLASS = YES_ERROR;
				CLANG_WARN_RANGE_LOOP_ANALYSIS = YES;
				CLANG_WARN_STRICT_PROTOTYPES = YES;
				CLANG_WARN_SUSPICIOUS_MOVE = YES;
				CLANG_WARN_UNGUARDED_AVAILABILITY = YES_AGGRESSIVE;
				CLANG_WARN_UNREACHABLE_CODE = YES;
				CLANG_WARN__DUPLICATE_METHOD_MATCH = YES;
				COPY_PHASE_STRIP = NO;
				DEBUG_INFORMATION_FORMAT = dwarf;
				ENABLE_STRICT_OBJC_MSGSEND = YES;
				ENABLE_TESTABILITY = YES;
				GCC_C_LANGUAGE_STANDARD = gnu11;
				GCC_DYNAMIC_NO_PIC = NO;
				GCC_NO_COMMON_BLOCKS = YES;
				GCC_OPTIMIZATION_LEVEL = 0;
				GCC_PREPROCESSOR_DEFINITIONS = (
					"DEBUG=1",
					"$(inherited)",
				);
				GCC_WARN_64_TO_32_BIT_CONVERSION = YES;
				GCC_WARN_ABOUT_RETURN_TYPE = YES_ERROR;
				GCC_WARN_UNDECLARED_SELECTOR = YES;
				GCC_WARN_UNINITIALIZED_AUTOS = YES_AGGRESSIVE;
				GCC_WARN_UNUSED_FUNCTION = YES;
				GCC_WARN_UNUSED_VARIABLE = YES;
				IPHONEOS_DEPLOYMENT_TARGET = 13.2;
				MTL_ENABLE_DEBUG_INFO = INCLUDE_SOURCE;
				MTL_FAST_MATH = YES;
				ONLY_ACTIVE_ARCH = YES;
				SDKROOT = iphoneos;
				SWIFT_ACTIVE_COMPILATION_CONDITIONS = DEBUG;
				SWIFT_OPTIMIZATION_LEVEL = "-Onone";
			};
			name = Debug;
		};
		D1F068662384521200FDC689 /* Release */ = {
			isa = XCBuildConfiguration;
			buildSettings = {
				ALWAYS_SEARCH_USER_PATHS = NO;
				CLANG_ANALYZER_NONNULL = YES;
				CLANG_ANALYZER_NUMBER_OBJECT_CONVERSION = YES_AGGRESSIVE;
				CLANG_CXX_LANGUAGE_STANDARD = "gnu++14";
				CLANG_CXX_LIBRARY = "libc++";
				CLANG_ENABLE_MODULES = YES;
				CLANG_ENABLE_OBJC_ARC = YES;
				CLANG_ENABLE_OBJC_WEAK = YES;
				CLANG_WARN_BLOCK_CAPTURE_AUTORELEASING = YES;
				CLANG_WARN_BOOL_CONVERSION = YES;
				CLANG_WARN_COMMA = YES;
				CLANG_WARN_CONSTANT_CONVERSION = YES;
				CLANG_WARN_DEPRECATED_OBJC_IMPLEMENTATIONS = YES;
				CLANG_WARN_DIRECT_OBJC_ISA_USAGE = YES_ERROR;
				CLANG_WARN_DOCUMENTATION_COMMENTS = YES;
				CLANG_WARN_EMPTY_BODY = YES;
				CLANG_WARN_ENUM_CONVERSION = YES;
				CLANG_WARN_INFINITE_RECURSION = YES;
				CLANG_WARN_INT_CONVERSION = YES;
				CLANG_WARN_NON_LITERAL_NULL_CONVERSION = YES;
				CLANG_WARN_OBJC_IMPLICIT_RETAIN_SELF = YES;
				CLANG_WARN_OBJC_LITERAL_CONVERSION = YES;
				CLANG_WARN_OBJC_ROOT_CLASS = YES_ERROR;
				CLANG_WARN_RANGE_LOOP_ANALYSIS = YES;
				CLANG_WARN_STRICT_PROTOTYPES = YES;
				CLANG_WARN_SUSPICIOUS_MOVE = YES;
				CLANG_WARN_UNGUARDED_AVAILABILITY = YES_AGGRESSIVE;
				CLANG_WARN_UNREACHABLE_CODE = YES;
				CLANG_WARN__DUPLICATE_METHOD_MATCH = YES;
				COPY_PHASE_STRIP = NO;
				DEBUG_INFORMATION_FORMAT = "dwarf-with-dsym";
				ENABLE_NS_ASSERTIONS = NO;
				ENABLE_STRICT_OBJC_MSGSEND = YES;
				GCC_C_LANGUAGE_STANDARD = gnu11;
				GCC_NO_COMMON_BLOCKS = YES;
				GCC_WARN_64_TO_32_BIT_CONVERSION = YES;
				GCC_WARN_ABOUT_RETURN_TYPE = YES_ERROR;
				GCC_WARN_UNDECLARED_SELECTOR = YES;
				GCC_WARN_UNINITIALIZED_AUTOS = YES_AGGRESSIVE;
				GCC_WARN_UNUSED_FUNCTION = YES;
				GCC_WARN_UNUSED_VARIABLE = YES;
				IPHONEOS_DEPLOYMENT_TARGET = 13.2;
				MTL_ENABLE_DEBUG_INFO = NO;
				MTL_FAST_MATH = YES;
				SDKROOT = iphoneos;
				SWIFT_COMPILATION_MODE = wholemodule;
				SWIFT_OPTIMIZATION_LEVEL = "-O";
				VALIDATE_PRODUCT = YES;
			};
			name = Release;
		};
		D1F068682384521200FDC689 /* Debug */ = {
			isa = XCBuildConfiguration;
			buildSettings = {
				ASSETCATALOG_COMPILER_APPICON_NAME = AppIcon;
				CODE_SIGN_STYLE = Automatic;
				DEVELOPMENT_ASSET_PATHS = "\"Medolight/Preview Content\"";
				DEVELOPMENT_TEAM = 59BWRK25DR;
				ENABLE_PREVIEWS = YES;
				INFOPLIST_FILE = Medolight/Info.plist;
				LD_RUNPATH_SEARCH_PATHS = (
					"$(inherited)",
					"@executable_path/Frameworks",
				);
				PRODUCT_BUNDLE_IDENTIFIER = com.esobol.Medolight;
				PRODUCT_NAME = "$(TARGET_NAME)";
				SWIFT_VERSION = 5.0;
				TARGETED_DEVICE_FAMILY = "1,2";
			};
			name = Debug;
		};
		D1F068692384521200FDC689 /* Release */ = {
			isa = XCBuildConfiguration;
			buildSettings = {
				ASSETCATALOG_COMPILER_APPICON_NAME = AppIcon;
				CODE_SIGN_STYLE = Automatic;
				DEVELOPMENT_ASSET_PATHS = "\"Medolight/Preview Content\"";
				DEVELOPMENT_TEAM = 59BWRK25DR;
				ENABLE_PREVIEWS = YES;
				INFOPLIST_FILE = Medolight/Info.plist;
				LD_RUNPATH_SEARCH_PATHS = (
					"$(inherited)",
					"@executable_path/Frameworks",
				);
				PRODUCT_BUNDLE_IDENTIFIER = com.esobol.Medolight;
				PRODUCT_NAME = "$(TARGET_NAME)";
				SWIFT_VERSION = 5.0;
				TARGETED_DEVICE_FAMILY = "1,2";
			};
			name = Release;
		};
/* End XCBuildConfiguration section */

/* Begin XCConfigurationList section */
		D1F0684B2384521000FDC689 /* Build configuration list for PBXProject "Medolight" */ = {
			isa = XCConfigurationList;
			buildConfigurations = (
				D1F068652384521200FDC689 /* Debug */,
				D1F068662384521200FDC689 /* Release */,
			);
			defaultConfigurationIsVisible = 0;
			defaultConfigurationName = Release;
		};
		D1F068672384521200FDC689 /* Build configuration list for PBXNativeTarget "Medolight" */ = {
			isa = XCConfigurationList;
			buildConfigurations = (
				D1F068682384521200FDC689 /* Debug */,
				D1F068692384521200FDC689 /* Release */,
			);
			defaultConfigurationIsVisible = 0;
			defaultConfigurationName = Release;
		};
/* End XCConfigurationList section */

/* Begin XCVersionGroup section */
		D1F068572384521000FDC689 /* Medolight.xcdatamodeld */ = {
			isa = XCVersionGroup;
			children = (
				D1F068582384521000FDC689 /* Medolight.xcdatamodel */,
			);
			currentVersion = D1F068582384521000FDC689 /* Medolight.xcdatamodel */;
			path = Medolight.xcdatamodeld;
			sourceTree = "<group>";
			versionGroupType = wrapper.xcdatamodel;
		};
/* End XCVersionGroup section */
	};
	rootObject = D1F068482384521000FDC689 /* Project object */;
}
